// !$*UTF8*$!
{
	archiveVersion = 1;
	classes = {
	};
	objectVersion = 46;
	objects = {

/* Begin PBXBuildFile section */
		453079181BB9799800BDC8FB /* main.m in Sources */ = {isa = PBXBuildFile; fileRef = 453079171BB9799800BDC8FB /* main.m */; };
		4530791B1BB9799800BDC8FB /* AppDelegate.m in Sources */ = {isa = PBXBuildFile; fileRef = 4530791A1BB9799800BDC8FB /* AppDelegate.m */; };
		453079211BB9799800BDC8FB /* Main.storyboard in Resources */ = {isa = PBXBuildFile; fileRef = 4530791F1BB9799800BDC8FB /* Main.storyboard */; };
		453079231BB9799800BDC8FB /* Assets.xcassets in Resources */ = {isa = PBXBuildFile; fileRef = 453079221BB9799800BDC8FB /* Assets.xcassets */; };
		453079261BB9799800BDC8FB /* LaunchScreen.storyboard in Resources */ = {isa = PBXBuildFile; fileRef = 453079241BB9799800BDC8FB /* LaunchScreen.storyboard */; };
		453079311BB9799800BDC8FB /* Spotify_Artist_ViewerTests.m in Sources */ = {isa = PBXBuildFile; fileRef = 453079301BB9799800BDC8FB /* Spotify_Artist_ViewerTests.m */; };
		4530793C1BB9799800BDC8FB /* Spotify_Artist_ViewerUITests.m in Sources */ = {isa = PBXBuildFile; fileRef = 4530793B1BB9799800BDC8FB /* Spotify_Artist_ViewerUITests.m */; };
		4530794B1BB97E3200BDC8FB /* SASearchViewController.m in Sources */ = {isa = PBXBuildFile; fileRef = 4530794A1BB97E3200BDC8FB /* SASearchViewController.m */; settings = {ASSET_TAGS = (); }; };
/* End PBXBuildFile section */

/* Begin PBXContainerItemProxy section */
		4530792D1BB9799800BDC8FB /* PBXContainerItemProxy */ = {
			isa = PBXContainerItemProxy;
			containerPortal = 4530790B1BB9799800BDC8FB /* Project object */;
			proxyType = 1;
			remoteGlobalIDString = 453079121BB9799800BDC8FB;
			remoteInfo = "Spotify Artist Viewer";
		};
		453079381BB9799800BDC8FB /* PBXContainerItemProxy */ = {
			isa = PBXContainerItemProxy;
			containerPortal = 4530790B1BB9799800BDC8FB /* Project object */;
			proxyType = 1;
			remoteGlobalIDString = 453079121BB9799800BDC8FB;
			remoteInfo = "Spotify Artist Viewer";
		};
/* End PBXContainerItemProxy section */

/* Begin PBXFileReference section */
		453079131BB9799800BDC8FB /* Spotify Artist Viewer.app */ = {isa = PBXFileReference; explicitFileType = wrapper.application; includeInIndex = 0; path = "Spotify Artist Viewer.app"; sourceTree = BUILT_PRODUCTS_DIR; };
		453079171BB9799800BDC8FB /* main.m */ = {isa = PBXFileReference; lastKnownFileType = sourcecode.c.objc; path = main.m; sourceTree = "<group>"; };
		453079191BB9799800BDC8FB /* AppDelegate.h */ = {isa = PBXFileReference; lastKnownFileType = sourcecode.c.h; path = AppDelegate.h; sourceTree = "<group>"; };
		4530791A1BB9799800BDC8FB /* AppDelegate.m */ = {isa = PBXFileReference; lastKnownFileType = sourcecode.c.objc; path = AppDelegate.m; sourceTree = "<group>"; };
		453079201BB9799800BDC8FB /* Base */ = {isa = PBXFileReference; lastKnownFileType = file.storyboard; name = Base; path = Base.lproj/Main.storyboard; sourceTree = "<group>"; };
		453079221BB9799800BDC8FB /* Assets.xcassets */ = {isa = PBXFileReference; lastKnownFileType = folder.assetcatalog; path = Assets.xcassets; sourceTree = "<group>"; };
		453079251BB9799800BDC8FB /* Base */ = {isa = PBXFileReference; lastKnownFileType = file.storyboard; name = Base; path = Base.lproj/LaunchScreen.storyboard; sourceTree = "<group>"; };
		453079271BB9799800BDC8FB /* Info.plist */ = {isa = PBXFileReference; lastKnownFileType = text.plist.xml; path = Info.plist; sourceTree = "<group>"; };
		4530792C1BB9799800BDC8FB /* Spotify Artist ViewerTests.xctest */ = {isa = PBXFileReference; explicitFileType = wrapper.cfbundle; includeInIndex = 0; path = "Spotify Artist ViewerTests.xctest"; sourceTree = BUILT_PRODUCTS_DIR; };
		453079301BB9799800BDC8FB /* Spotify_Artist_ViewerTests.m */ = {isa = PBXFileReference; lastKnownFileType = sourcecode.c.objc; path = Spotify_Artist_ViewerTests.m; sourceTree = "<group>"; };
		453079321BB9799800BDC8FB /* Info.plist */ = {isa = PBXFileReference; lastKnownFileType = text.plist.xml; path = Info.plist; sourceTree = "<group>"; };
		453079371BB9799800BDC8FB /* Spotify Artist ViewerUITests.xctest */ = {isa = PBXFileReference; explicitFileType = wrapper.cfbundle; includeInIndex = 0; path = "Spotify Artist ViewerUITests.xctest"; sourceTree = BUILT_PRODUCTS_DIR; };
		4530793B1BB9799800BDC8FB /* Spotify_Artist_ViewerUITests.m */ = {isa = PBXFileReference; lastKnownFileType = sourcecode.c.objc; path = Spotify_Artist_ViewerUITests.m; sourceTree = "<group>"; };
		4530793D1BB9799800BDC8FB /* Info.plist */ = {isa = PBXFileReference; lastKnownFileType = text.plist.xml; path = Info.plist; sourceTree = "<group>"; };
		453079491BB97E3200BDC8FB /* SASearchViewController.h */ = {isa = PBXFileReference; fileEncoding = 4; lastKnownFileType = sourcecode.c.h; path = SASearchViewController.h; sourceTree = "<group>"; };
		4530794A1BB97E3200BDC8FB /* SASearchViewController.m */ = {isa = PBXFileReference; fileEncoding = 4; lastKnownFileType = sourcecode.c.objc; path = SASearchViewController.m; sourceTree = "<group>"; };
/* End PBXFileReference section */

/* Begin PBXFrameworksBuildPhase section */
		453079101BB9799800BDC8FB /* Frameworks */ = {
			isa = PBXFrameworksBuildPhase;
			buildActionMask = 2147483647;
			files = (
			);
			runOnlyForDeploymentPostprocessing = 0;
		};
		453079291BB9799800BDC8FB /* Frameworks */ = {
			isa = PBXFrameworksBuildPhase;
			buildActionMask = 2147483647;
			files = (
			);
			runOnlyForDeploymentPostprocessing = 0;
		};
		453079341BB9799800BDC8FB /* Frameworks */ = {
			isa = PBXFrameworksBuildPhase;
			buildActionMask = 2147483647;
			files = (
			);
			runOnlyForDeploymentPostprocessing = 0;
		};
/* End PBXFrameworksBuildPhase section */

/* Begin PBXGroup section */
		4530790A1BB9799800BDC8FB = {
			isa = PBXGroup;
			children = (
				453079151BB9799800BDC8FB /* Spotify Artist Viewer */,
				4530792F1BB9799800BDC8FB /* Spotify Artist ViewerTests */,
				4530793A1BB9799800BDC8FB /* Spotify Artist ViewerUITests */,
				453079141BB9799800BDC8FB /* Products */,
			);
			sourceTree = "<group>";
		};
		453079141BB9799800BDC8FB /* Products */ = {
			isa = PBXGroup;
			children = (
				453079131BB9799800BDC8FB /* Spotify Artist Viewer.app */,
				4530792C1BB9799800BDC8FB /* Spotify Artist ViewerTests.xctest */,
				453079371BB9799800BDC8FB /* Spotify Artist ViewerUITests.xctest */,
			);
			name = Products;
			sourceTree = "<group>";
		};
		453079151BB9799800BDC8FB /* Spotify Artist Viewer */ = {
			isa = PBXGroup;
			children = (
				453079491BB97E3200BDC8FB /* SASearchViewController.h */,
				4530794A1BB97E3200BDC8FB /* SASearchViewController.m */,
				453079191BB9799800BDC8FB /* AppDelegate.h */,
				4530791A1BB9799800BDC8FB /* AppDelegate.m */,
				4530791F1BB9799800BDC8FB /* Main.storyboard */,
				453079221BB9799800BDC8FB /* Assets.xcassets */,
				453079241BB9799800BDC8FB /* LaunchScreen.storyboard */,
				453079271BB9799800BDC8FB /* Info.plist */,
				453079161BB9799800BDC8FB /* Supporting Files */,
			);
			path = "Spotify Artist Viewer";
			sourceTree = "<group>";
		};
		453079161BB9799800BDC8FB /* Supporting Files */ = {
			isa = PBXGroup;
			children = (
				453079171BB9799800BDC8FB /* main.m */,
			);
			name = "Supporting Files";
			sourceTree = "<group>";
		};
		4530792F1BB9799800BDC8FB /* Spotify Artist ViewerTests */ = {
			isa = PBXGroup;
			children = (
				453079301BB9799800BDC8FB /* Spotify_Artist_ViewerTests.m */,
				453079321BB9799800BDC8FB /* Info.plist */,
			);
			path = "Spotify Artist ViewerTests";
			sourceTree = "<group>";
		};
		4530793A1BB9799800BDC8FB /* Spotify Artist ViewerUITests */ = {
			isa = PBXGroup;
			children = (
				4530793B1BB9799800BDC8FB /* Spotify_Artist_ViewerUITests.m */,
				4530793D1BB9799800BDC8FB /* Info.plist */,
			);
			path = "Spotify Artist ViewerUITests";
			sourceTree = "<group>";
		};
/* End PBXGroup section */

/* Begin PBXNativeTarget section */
		453079121BB9799800BDC8FB /* Spotify Artist Viewer */ = {
			isa = PBXNativeTarget;
			buildConfigurationList = 453079401BB9799800BDC8FB /* Build configuration list for PBXNativeTarget "Spotify Artist Viewer" */;
			buildPhases = (
				4530790F1BB9799800BDC8FB /* Sources */,
				453079101BB9799800BDC8FB /* Frameworks */,
				453079111BB9799800BDC8FB /* Resources */,
			);
			buildRules = (
			);
			dependencies = (
			);
			name = "Spotify Artist Viewer";
			productName = "Spotify Artist Viewer";
			productReference = 453079131BB9799800BDC8FB /* Spotify Artist Viewer.app */;
			productType = "com.apple.product-type.application";
		};
		4530792B1BB9799800BDC8FB /* Spotify Artist ViewerTests */ = {
			isa = PBXNativeTarget;
			buildConfigurationList = 453079431BB9799800BDC8FB /* Build configuration list for PBXNativeTarget "Spotify Artist ViewerTests" */;
			buildPhases = (
				453079281BB9799800BDC8FB /* Sources */,
				453079291BB9799800BDC8FB /* Frameworks */,
				4530792A1BB9799800BDC8FB /* Resources */,
			);
			buildRules = (
			);
			dependencies = (
				4530792E1BB9799800BDC8FB /* PBXTargetDependency */,
			);
			name = "Spotify Artist ViewerTests";
			productName = "Spotify Artist ViewerTests";
			productReference = 4530792C1BB9799800BDC8FB /* Spotify Artist ViewerTests.xctest */;
			productType = "com.apple.product-type.bundle.unit-test";
		};
		453079361BB9799800BDC8FB /* Spotify Artist ViewerUITests */ = {
			isa = PBXNativeTarget;
			buildConfigurationList = 453079461BB9799800BDC8FB /* Build configuration list for PBXNativeTarget "Spotify Artist ViewerUITests" */;
			buildPhases = (
				453079331BB9799800BDC8FB /* Sources */,
				453079341BB9799800BDC8FB /* Frameworks */,
				453079351BB9799800BDC8FB /* Resources */,
			);
			buildRules = (
			);
			dependencies = (
				453079391BB9799800BDC8FB /* PBXTargetDependency */,
			);
			name = "Spotify Artist ViewerUITests";
			productName = "Spotify Artist ViewerUITests";
			productReference = 453079371BB9799800BDC8FB /* Spotify Artist ViewerUITests.xctest */;
			productType = "com.apple.product-type.bundle.ui-testing";
		};
/* End PBXNativeTarget section */

/* Begin PBXProject section */
		4530790B1BB9799800BDC8FB /* Project object */ = {
			isa = PBXProject;
			attributes = {
				LastUpgradeCheck = 0700;
				ORGANIZATIONNAME = Intrepid;
				TargetAttributes = {
					453079121BB9799800BDC8FB = {
						CreatedOnToolsVersion = 7.0;
					};
					4530792B1BB9799800BDC8FB = {
						CreatedOnToolsVersion = 7.0;
						TestTargetID = 453079121BB9799800BDC8FB;
					};
					453079361BB9799800BDC8FB = {
						CreatedOnToolsVersion = 7.0;
						TestTargetID = 453079121BB9799800BDC8FB;
					};
				};
			};
			buildConfigurationList = 4530790E1BB9799800BDC8FB /* Build configuration list for PBXProject "Spotify Artist Viewer" */;
			compatibilityVersion = "Xcode 3.2";
			developmentRegion = English;
			hasScannedForEncodings = 0;
			knownRegions = (
				en,
				Base,
			);
			mainGroup = 4530790A1BB9799800BDC8FB;
			productRefGroup = 453079141BB9799800BDC8FB /* Products */;
			projectDirPath = "";
			projectRoot = "";
			targets = (
				453079121BB9799800BDC8FB /* Spotify Artist Viewer */,
				4530792B1BB9799800BDC8FB /* Spotify Artist ViewerTests */,
				453079361BB9799800BDC8FB /* Spotify Artist ViewerUITests */,
			);
		};
/* End PBXProject section */

/* Begin PBXResourcesBuildPhase section */
		453079111BB9799800BDC8FB /* Resources */ = {
			isa = PBXResourcesBuildPhase;
			buildActionMask = 2147483647;
			files = (
				453079261BB9799800BDC8FB /* LaunchScreen.storyboard in Resources */,
				453079231BB9799800BDC8FB /* Assets.xcassets in Resources */,
				453079211BB9799800BDC8FB /* Main.storyboard in Resources */,
			);
			runOnlyForDeploymentPostprocessing = 0;
		};
		4530792A1BB9799800BDC8FB /* Resources */ = {
			isa = PBXResourcesBuildPhase;
			buildActionMask = 2147483647;
			files = (
			);
			runOnlyForDeploymentPostprocessing = 0;
		};
		453079351BB9799800BDC8FB /* Resources */ = {
			isa = PBXResourcesBuildPhase;
			buildActionMask = 2147483647;
			files = (
			);
			runOnlyForDeploymentPostprocessing = 0;
		};
/* End PBXResourcesBuildPhase section */

/* Begin PBXSourcesBuildPhase section */
		4530790F1BB9799800BDC8FB /* Sources */ = {
			isa = PBXSourcesBuildPhase;
			buildActionMask = 2147483647;
			files = (
				4530791B1BB9799800BDC8FB /* AppDelegate.m in Sources */,
				453079181BB9799800BDC8FB /* main.m in Sources */,
				4530794B1BB97E3200BDC8FB /* SASearchViewController.m in Sources */,
			);
			runOnlyForDeploymentPostprocessing = 0;
		};
		453079281BB9799800BDC8FB /* Sources */ = {
			isa = PBXSourcesBuildPhase;
			buildActionMask = 2147483647;
			files = (
				453079311BB9799800BDC8FB /* Spotify_Artist_ViewerTests.m in Sources */,
			);
			runOnlyForDeploymentPostprocessing = 0;
		};
		453079331BB9799800BDC8FB /* Sources */ = {
			isa = PBXSourcesBuildPhase;
			buildActionMask = 2147483647;
			files = (
				4530793C1BB9799800BDC8FB /* Spotify_Artist_ViewerUITests.m in Sources */,
			);
			runOnlyForDeploymentPostprocessing = 0;
		};
/* End PBXSourcesBuildPhase section */

/* Begin PBXTargetDependency section */
		4530792E1BB9799800BDC8FB /* PBXTargetDependency */ = {
			isa = PBXTargetDependency;
			target = 453079121BB9799800BDC8FB /* Spotify Artist Viewer */;
			targetProxy = 4530792D1BB9799800BDC8FB /* PBXContainerItemProxy */;
		};
		453079391BB9799800BDC8FB /* PBXTargetDependency */ = {
			isa = PBXTargetDependency;
			target = 453079121BB9799800BDC8FB /* Spotify Artist Viewer */;
			targetProxy = 453079381BB9799800BDC8FB /* PBXContainerItemProxy */;
		};
/* End PBXTargetDependency section */

/* Begin PBXVariantGroup section */
		4530791F1BB9799800BDC8FB /* Main.storyboard */ = {
			isa = PBXVariantGroup;
			children = (
				453079201BB9799800BDC8FB /* Base */,
			);
			name = Main.storyboard;
			sourceTree = "<group>";
		};
		453079241BB9799800BDC8FB /* LaunchScreen.storyboard */ = {
			isa = PBXVariantGroup;
			children = (
				453079251BB9799800BDC8FB /* Base */,
			);
			name = LaunchScreen.storyboard;
			sourceTree = "<group>";
		};
/* End PBXVariantGroup section */

/* Begin XCBuildConfiguration section */
		4530793E1BB9799800BDC8FB /* Debug */ = {
			isa = XCBuildConfiguration;
			buildSettings = {
				ALWAYS_SEARCH_USER_PATHS = NO;
				CLANG_CXX_LANGUAGE_STANDARD = "gnu++0x";
				CLANG_CXX_LIBRARY = "libc++";
				CLANG_ENABLE_MODULES = YES;
				CLANG_ENABLE_OBJC_ARC = YES;
				CLANG_WARN_BOOL_CONVERSION = YES;
				CLANG_WARN_CONSTANT_CONVERSION = YES;
				CLANG_WARN_DIRECT_OBJC_ISA_USAGE = YES_ERROR;
				CLANG_WARN_EMPTY_BODY = YES;
				CLANG_WARN_ENUM_CONVERSION = YES;
				CLANG_WARN_INT_CONVERSION = YES;
				CLANG_WARN_OBJC_ROOT_CLASS = YES_ERROR;
				CLANG_WARN_UNREACHABLE_CODE = YES;
				CLANG_WARN__DUPLICATE_METHOD_MATCH = YES;
				"CODE_SIGN_IDENTITY[sdk=iphoneos*]" = "iPhone Developer";
				COPY_PHASE_STRIP = NO;
				DEBUG_INFORMATION_FORMAT = dwarf;
				ENABLE_STRICT_OBJC_MSGSEND = YES;
				ENABLE_TESTABILITY = YES;
				GCC_C_LANGUAGE_STANDARD = gnu99;
				GCC_DYNAMIC_NO_PIC = NO;
				GCC_NO_COMMON_BLOCKS = YES;
				GCC_OPTIMIZATION_LEVEL = 0;
				GCC_PREPROCESSOR_DEFINITIONS = (
					"DEBUG=1",
					"$(inherited)",
				);
				GCC_WARN_64_TO_32_BIT_CONVERSION = YES;
				GCC_WARN_ABOUT_RETURN_TYPE = YES_ERROR;
				GCC_WARN_UNDECLARED_SELECTOR = YES;
				GCC_WARN_UNINITIALIZED_AUTOS = YES_AGGRESSIVE;
				GCC_WARN_UNUSED_FUNCTION = YES;
				GCC_WARN_UNUSED_VARIABLE = YES;
				IPHONEOS_DEPLOYMENT_TARGET = 9.0;
				MTL_ENABLE_DEBUG_INFO = YES;
				ONLY_ACTIVE_ARCH = YES;
				SDKROOT = iphoneos;
				TARGETED_DEVICE_FAMILY = "1,2";
			};
			name = Debug;
		};
		4530793F1BB9799800BDC8FB /* Release */ = {
			isa = XCBuildConfiguration;
			buildSettings = {
				ALWAYS_SEARCH_USER_PATHS = NO;
				CLANG_CXX_LANGUAGE_STANDARD = "gnu++0x";
				CLANG_CXX_LIBRARY = "libc++";
				CLANG_ENABLE_MODULES = YES;
				CLANG_ENABLE_OBJC_ARC = YES;
				CLANG_WARN_BOOL_CONVERSION = YES;
				CLANG_WARN_CONSTANT_CONVERSION = YES;
				CLANG_WARN_DIRECT_OBJC_ISA_USAGE = YES_ERROR;
				CLANG_WARN_EMPTY_BODY = YES;
				CLANG_WARN_ENUM_CONVERSION = YES;
				CLANG_WARN_INT_CONVERSION = YES;
				CLANG_WARN_OBJC_ROOT_CLASS = YES_ERROR;
				CLANG_WARN_UNREACHABLE_CODE = YES;
				CLANG_WARN__DUPLICATE_METHOD_MATCH = YES;
				"CODE_SIGN_IDENTITY[sdk=iphoneos*]" = "iPhone Developer";
				COPY_PHASE_STRIP = NO;
				DEBUG_INFORMATION_FORMAT = "dwarf-with-dsym";
				ENABLE_NS_ASSERTIONS = NO;
				ENABLE_STRICT_OBJC_MSGSEND = YES;
				GCC_C_LANGUAGE_STANDARD = gnu99;
				GCC_NO_COMMON_BLOCKS = YES;
				GCC_WARN_64_TO_32_BIT_CONVERSION = YES;
				GCC_WARN_ABOUT_RETURN_TYPE = YES_ERROR;
				GCC_WARN_UNDECLARED_SELECTOR = YES;
				GCC_WARN_UNINITIALIZED_AUTOS = YES_AGGRESSIVE;
				GCC_WARN_UNUSED_FUNCTION = YES;
				GCC_WARN_UNUSED_VARIABLE = YES;
				IPHONEOS_DEPLOYMENT_TARGET = 9.0;
				MTL_ENABLE_DEBUG_INFO = NO;
				SDKROOT = iphoneos;
				TARGETED_DEVICE_FAMILY = "1,2";
				VALIDATE_PRODUCT = YES;
			};
			name = Release;
		};
		453079411BB9799800BDC8FB /* Debug */ = {
			isa = XCBuildConfiguration;
			buildSettings = {
				ASSETCATALOG_COMPILER_APPICON_NAME = AppIcon;
				INFOPLIST_FILE = "Spotify Artist Viewer/Info.plist";
				LD_RUNPATH_SEARCH_PATHS = "$(inherited) @executable_path/Frameworks";
				PRODUCT_BUNDLE_IDENTIFIER = "com.intrepid.Spotify-Artist-Viewer";
				PRODUCT_NAME = "$(TARGET_NAME)";
			};
			name = Debug;
		};
		453079421BB9799800BDC8FB /* Release */ = {
			isa = XCBuildConfiguration;
			buildSettings = {
				ASSETCATALOG_COMPILER_APPICON_NAME = AppIcon;
				INFOPLIST_FILE = "Spotify Artist Viewer/Info.plist";
				LD_RUNPATH_SEARCH_PATHS = "$(inherited) @executable_path/Frameworks";
				PRODUCT_BUNDLE_IDENTIFIER = "com.intrepid.Spotify-Artist-Viewer";
				PRODUCT_NAME = "$(TARGET_NAME)";
			};
			name = Release;
		};
		453079441BB9799800BDC8FB /* Debug */ = {
			isa = XCBuildConfiguration;
			buildSettings = {
				BUNDLE_LOADER = "$(TEST_HOST)";
				INFOPLIST_FILE = "Spotify Artist ViewerTests/Info.plist";
				LD_RUNPATH_SEARCH_PATHS = "$(inherited) @executable_path/Frameworks @loader_path/Frameworks";
				PRODUCT_BUNDLE_IDENTIFIER = "com.intrepid.Spotify-Artist-ViewerTests";
				PRODUCT_NAME = "$(TARGET_NAME)";
				TEST_HOST = "$(BUILT_PRODUCTS_DIR)/Spotify Artist Viewer.app/Spotify Artist Viewer";
			};
			name = Debug;
		};
		453079451BB9799800BDC8FB /* Release */ = {
			isa = XCBuildConfiguration;
			buildSettings = {
				BUNDLE_LOADER = "$(TEST_HOST)";
				INFOPLIST_FILE = "Spotify Artist ViewerTests/Info.plist";
				LD_RUNPATH_SEARCH_PATHS = "$(inherited) @executable_path/Frameworks @loader_path/Frameworks";
				PRODUCT_BUNDLE_IDENTIFIER = "com.intrepid.Spotify-Artist-ViewerTests";
				PRODUCT_NAME = "$(TARGET_NAME)";
				TEST_HOST = "$(BUILT_PRODUCTS_DIR)/Spotify Artist Viewer.app/Spotify Artist Viewer";
			};
			name = Release;
		};
		453079471BB9799800BDC8FB /* Debug */ = {
			isa = XCBuildConfiguration;
			buildSettings = {
				INFOPLIST_FILE = "Spotify Artist ViewerUITests/Info.plist";
				LD_RUNPATH_SEARCH_PATHS = "$(inherited) @executable_path/Frameworks @loader_path/Frameworks";
				PRODUCT_BUNDLE_IDENTIFIER = "com.intrepid.Spotify-Artist-ViewerUITests";
				PRODUCT_NAME = "$(TARGET_NAME)";
				TEST_TARGET_NAME = "Spotify Artist Viewer";
				USES_XCTRUNNER = YES;
			};
			name = Debug;
		};
		453079481BB9799800BDC8FB /* Release */ = {
			isa = XCBuildConfiguration;
			buildSettings = {
				INFOPLIST_FILE = "Spotify Artist ViewerUITests/Info.plist";
				LD_RUNPATH_SEARCH_PATHS = "$(inherited) @executable_path/Frameworks @loader_path/Frameworks";
				PRODUCT_BUNDLE_IDENTIFIER = "com.intrepid.Spotify-Artist-ViewerUITests";
				PRODUCT_NAME = "$(TARGET_NAME)";
				TEST_TARGET_NAME = "Spotify Artist Viewer";
				USES_XCTRUNNER = YES;
			};
			name = Release;
		};
/* End XCBuildConfiguration section */

/* Begin XCConfigurationList section */
		4530790E1BB9799800BDC8FB /* Build configuration list for PBXProject "Spotify Artist Viewer" */ = {
			isa = XCConfigurationList;
			buildConfigurations = (
				4530793E1BB9799800BDC8FB /* Debug */,
				4530793F1BB9799800BDC8FB /* Release */,
			);
			defaultConfigurationIsVisible = 0;
			defaultConfigurationName = Release;
		};
		453079401BB9799800BDC8FB /* Build configuration list for PBXNativeTarget "Spotify Artist Viewer" */ = {
			isa = XCConfigurationList;
			buildConfigurations = (
				453079411BB9799800BDC8FB /* Debug */,
				453079421BB9799800BDC8FB /* Release */,
			);
			defaultConfigurationIsVisible = 0;
		};
		453079431BB9799800BDC8FB /* Build configuration list for PBXNativeTarget "Spotify Artist ViewerTests" */ = {
			isa = XCConfigurationList;
			buildConfigurations = (
				453079441BB9799800BDC8FB /* Debug */,
				453079451BB9799800BDC8FB /* Release */,
			);
			defaultConfigurationIsVisible = 0;
		};
		453079461BB9799800BDC8FB /* Build configuration list for PBXNativeTarget "Spotify Artist ViewerUITests" */ = {
			isa = XCConfigurationList;
			buildConfigurations = (
				453079471BB9799800BDC8FB /* Debug */,
				453079481BB9799800BDC8FB /* Release */,
			);
			defaultConfigurationIsVisible = 0;
		};
/* End XCConfigurationList section */
	};
	rootObject = 4530790B1BB9799800BDC8FB /* Project object */;
}
